{
  "name": "buildworks_surlv1",
  "version": "1.0.0",
  "lockfileVersion": 1,
  "requires": true,
  "dependencies": {
    "coffee-script": {
      "version": "1.12.7",
      "resolved": "https://registry.npmjs.org/coffee-script/-/coffee-script-1.12.7.tgz",
      "integrity": "sha512-fLeEhqwymYat/MpTPUjSKHVYYl0ec2mOyALEMLmzr5i1isuG+6jfI2j2d5oBO3VIzgUXgBVIcOT9uH1TFxBckw=="
    },
    "mediador": {
      "version": "0.1.2",
      "resolved": "https://registry.npmjs.org/mediador/-/mediador-0.1.2.tgz",
      "integrity": "sha1-dgsPz84z+0fJGyxvPv6uF+DGrRE="
    },
    "n": {
      "version": "7.3.1",
      "resolved": "https://registry.npmjs.org/n/-/n-7.3.1.tgz",
      "integrity": "sha512-vlbroyk1QJ1gAs9laSPAS28HnRMm2fP7BkK7hu7z8SNslwKyZ6qoNV018U1hOiyB0BcDRT9uelA8E0HgJJlYog=="
    },
    "node": {
      "version": "16.6.0",
      "resolved": "https://registry.npmjs.org/node/-/node-16.6.0.tgz",
      "integrity": "sha512-5M35Wjq0OD1QmpXkEe5Q/AcDmov9jBZ8/vJatVE9KvVf7aqBpeVPeMXg9LPxp8GlBA97MuqiitvW4VE3ZWJ7GA==",
      "requires": {
        "node-bin-setup": "^1.0.0"
      }
    },
    "node-bin-setup": {
      "version": "1.0.6",
      "resolved": "https://registry.npmjs.org/node-bin-setup/-/node-bin-setup-1.0.6.tgz",
      "integrity": "sha512-uPIxXNis1CRbv1DwqAxkgBk5NFV3s7cMN/Gf556jSw6jBvV7ca4F9lRL/8cALcZecRibeqU+5dFYqFFmzv5a0Q=="
    },
    "ode": {
      "version": "0.0.3",
      "resolved": "https://registry.npmjs.org/ode/-/ode-0.0.3.tgz",
      "integrity": "sha1-lx9AqBQxYKBgfRMM37o5MeHk6KA=",
      "requires": {
        "coffee-script": "^1.8.0",
        "washington": "^0.7.0"
      }
    },
    "washington": {
      "version": "0.7.2",
      "resolved": "https://registry.npmjs.org/washington/-/washington-0.7.2.tgz",
      "integrity": "sha1-4cECJB0YUw72WLxRimjn6CUemHM=",
      "requires": {
        "mediador": "0.1.2"
      }
    }
  }
}
